
Microsoft Visual Studio Solution File, Format Version 12.00
# Visual Studio Version 17
VisualStudioVersion = 17.1.32210.238
MinimumVisualStudioVersion = 10.0.40219.1
Project("{9A19103F-16F7-4668-BE54-9A1E7A4F7556}") = "lw1", "lw1\lw1.csproj", "{AFD909E6-CC0F-4413-B70F-AC9447694306}"
EndProject
Project("{9A19103F-16F7-4668-BE54-9A1E7A4F7556}") = "lw2", "lw2\lw2.csproj", "{5D8FAD49-904C-4C98-82F5-14D8C3FEB3DC}"
EndProject
Project("{9A19103F-16F7-4668-BE54-9A1E7A4F7556}") = "lw3", "lw3\lw3.csproj", "{F6A672D1-17F0-43E2-960B-3F54A8FE76D8}"
EndProject
Project("{9A19103F-16F7-4668-BE54-9A1E7A4F7556}") = "lw4API", "lw4API\lw4API.csproj", "{6945CCB0-0A9D-4FAE-A049-07B5541D8926}"
EndProject
Project("{9A19103F-16F7-4668-BE54-9A1E7A4F7556}") = "lw4Web", "lw4Web\lw4Web.csproj", "{7E29CFB2-B813-42E1-96D7-CDB78680F60D}"
EndProject
Global
	GlobalSection(SolutionConfigurationPlatforms) = preSolution
		Debug|Any CPU = Debug|Any CPU
		Release|Any CPU = Release|Any CPU
	EndGlobalSection
	GlobalSection(ProjectConfigurationPlatforms) = postSolution
		{AFD909E6-CC0F-4413-B70F-AC9447694306}.Debug|Any CPU.ActiveCfg = Debug|Any CPU
		{AFD909E6-CC0F-4413-B70F-AC9447694306}.Debug|Any CPU.Build.0 = Debug|Any CPU
		{AFD909E6-CC0F-4413-B70F-AC9447694306}.Release|Any CPU.ActiveCfg = Release|Any CPU
		{AFD909E6-CC0F-4413-B70F-AC9447694306}.Release|Any CPU.Build.0 = Release|Any CPU
		{5D8FAD49-904C-4C98-82F5-14D8C3FEB3DC}.Debug|Any CPU.ActiveCfg = Debug|Any CPU
		{5D8FAD49-904C-4C98-82F5-14D8C3FEB3DC}.Debug|Any CPU.Build.0 = Debug|Any CPU
		{5D8FAD49-904C-4C98-82F5-14D8C3FEB3DC}.Release|Any CPU.ActiveCfg = Release|Any CPU
		{5D8FAD49-904C-4C98-82F5-14D8C3FEB3DC}.Release|Any CPU.Build.0 = Release|Any CPU
		{F6A672D1-17F0-43E2-960B-3F54A8FE76D8}.Debug|Any CPU.ActiveCfg = Debug|Any CPU
		{F6A672D1-17F0-43E2-960B-3F54A8FE76D8}.Debug|Any CPU.Build.0 = Debug|Any CPU
		{F6A672D1-17F0-43E2-960B-3F54A8FE76D8}.Release|Any CPU.ActiveCfg = Release|Any CPU
		{F6A672D1-17F0-43E2-960B-3F54A8FE76D8}.Release|Any CPU.Build.0 = Release|Any CPU
		{6945CCB0-0A9D-4FAE-A049-07B5541D8926}.Debug|Any CPU.ActiveCfg = Debug|Any CPU
		{6945CCB0-0A9D-4FAE-A049-07B5541D8926}.Debug|Any CPU.Build.0 = Debug|Any CPU
		{6945CCB0-0A9D-4FAE-A049-07B5541D8926}.Release|Any CPU.ActiveCfg = Release|Any CPU
		{6945CCB0-0A9D-4FAE-A049-07B5541D8926}.Release|Any CPU.Build.0 = Release|Any CPU
		{7E29CFB2-B813-42E1-96D7-CDB78680F60D}.Debug|Any CPU.ActiveCfg = Debug|Any CPU
		{7E29CFB2-B813-42E1-96D7-CDB78680F60D}.Debug|Any CPU.Build.0 = Debug|Any CPU
		{7E29CFB2-B813-42E1-96D7-CDB78680F60D}.Release|Any CPU.ActiveCfg = Release|Any CPU
		{7E29CFB2-B813-42E1-96D7-CDB78680F60D}.Release|Any CPU.Build.0 = Release|Any CPU
	EndGlobalSection
	GlobalSection(SolutionProperties) = preSolution
		HideSolutionNode = FALSE
	EndGlobalSection
	GlobalSection(ExtensibilityGlobals) = postSolution
		SolutionGuid = {A5AF6965-D31E-45E6-B907-5933A7571FF1}
	EndGlobalSection
EndGlobal
